
Microsoft Visual Studio Solution File, Format Version 12.00
# Visual Studio Version 17
VisualStudioVersion = 17.11.35208.52
MinimumVisualStudioVersion = 10.0.40219.1
Project("{9A19103F-16F7-4668-BE54-9A1E7A4F7556}") = "TaskManager", "TaskManager\TaskManager.csproj", "{6C230293-48FE-4816-9C14-8EB97C8211EC}"
EndProject
Project("{9A19103F-16F7-4668-BE54-9A1E7A4F7556}") = "TaskManager.DB", "DBAPI\TaskManager.DB.csproj", "{1692E5DB-6EB2-4C90-AEC4-30221182A155}"
EndProject
Project("{FAE04EC0-301F-11D3-BF4B-00C04F79EFBC}") = "TaskManager.DataOut", "TaskManager.DataOut\TaskManager.DataOut.csproj", "{F3B6B043-0915-4C6B-8356-23F358841C97}"
EndProject
Global
	GlobalSection(SolutionConfigurationPlatforms) = preSolution
		Debug|Any CPU = Debug|Any CPU
		Release|Any CPU = Release|Any CPU
	EndGlobalSection
	GlobalSection(ProjectConfigurationPlatforms) = postSolution
		{6C230293-48FE-4816-9C14-8EB97C8211EC}.Debug|Any CPU.ActiveCfg = Debug|Any CPU
		{6C230293-48FE-4816-9C14-8EB97C8211EC}.Debug|Any CPU.Build.0 = Debug|Any CPU
		{6C230293-48FE-4816-9C14-8EB97C8211EC}.Release|Any CPU.ActiveCfg = Release|Any CPU
		{6C230293-48FE-4816-9C14-8EB97C8211EC}.Release|Any CPU.Build.0 = Release|Any CPU
		{1692E5DB-6EB2-4C90-AEC4-30221182A155}.Debug|Any CPU.ActiveCfg = Debug|Any CPU
		{1692E5DB-6EB2-4C90-AEC4-30221182A155}.Debug|Any CPU.Build.0 = Debug|Any CPU
		{1692E5DB-6EB2-4C90-AEC4-30221182A155}.Release|Any CPU.ActiveCfg = Release|Any CPU
		{1692E5DB-6EB2-4C90-AEC4-30221182A155}.Release|Any CPU.Build.0 = Release|Any CPU
		{F3B6B043-0915-4C6B-8356-23F358841C97}.Debug|Any CPU.ActiveCfg = Debug|Any CPU
		{F3B6B043-0915-4C6B-8356-23F358841C97}.Debug|Any CPU.Build.0 = Debug|Any CPU
		{F3B6B043-0915-4C6B-8356-23F358841C97}.Release|Any CPU.ActiveCfg = Release|Any CPU
		{F3B6B043-0915-4C6B-8356-23F358841C97}.Release|Any CPU.Build.0 = Release|Any CPU
	EndGlobalSection
	GlobalSection(SolutionProperties) = preSolution
		HideSolutionNode = FALSE
	EndGlobalSection
	GlobalSection(ExtensibilityGlobals) = postSolution
		SolutionGuid = {2209BF13-81A1-48B6-9A51-E40F9CE31B06}
	EndGlobalSection
EndGlobal
